// !$*UTF8*$!
{
	archiveVersion = 1;
	classes = {
	};
	objectVersion = 46;
	objects = {

/* Begin PBXBuildFile section */
		A12A73E11F0C880300356946 /* AppDelegate.swift in Sources */ = {isa = PBXBuildFile; fileRef = A12A73E01F0C880300356946 /* AppDelegate.swift */; };
		A12A73E31F0C880300356946 /* ViewController.swift in Sources */ = {isa = PBXBuildFile; fileRef = A12A73E21F0C880300356946 /* ViewController.swift */; };
		A12A73E61F0C880300356946 /* Main.storyboard in Resources */ = {isa = PBXBuildFile; fileRef = A12A73E41F0C880300356946 /* Main.storyboard */; };
		A12A73E81F0C880300356946 /* Assets.xcassets in Resources */ = {isa = PBXBuildFile; fileRef = A12A73E71F0C880300356946 /* Assets.xcassets */; };
		A12A73EB1F0C880300356946 /* LaunchScreen.storyboard in Resources */ = {isa = PBXBuildFile; fileRef = A12A73E91F0C880300356946 /* LaunchScreen.storyboard */; };
		A12A73F61F0C880300356946 /* CIIATests.swift in Sources */ = {isa = PBXBuildFile; fileRef = A12A73F51F0C880300356946 /* CIIATests.swift */; };
		A12A74011F0C880300356946 /* CIIAUITests.swift in Sources */ = {isa = PBXBuildFile; fileRef = A12A74001F0C880300356946 /* CIIAUITests.swift */; };
		A12A740F1F0C894D00356946 /* FixedIncomeModel.swift in Sources */ = {isa = PBXBuildFile; fileRef = A12A740E1F0C894D00356946 /* FixedIncomeModel.swift */; };
/* End PBXBuildFile section */

/* Begin PBXContainerItemProxy section */
		A12A73F21F0C880300356946 /* PBXContainerItemProxy */ = {
			isa = PBXContainerItemProxy;
			containerPortal = A12A73D51F0C880300356946 /* Project object */;
			proxyType = 1;
			remoteGlobalIDString = A12A73DC1F0C880300356946;
			remoteInfo = CIIA;
		};
		A12A73FD1F0C880300356946 /* PBXContainerItemProxy */ = {
			isa = PBXContainerItemProxy;
			containerPortal = A12A73D51F0C880300356946 /* Project object */;
			proxyType = 1;
			remoteGlobalIDString = A12A73DC1F0C880300356946;
			remoteInfo = CIIA;
		};
/* End PBXContainerItemProxy section */

/* Begin PBXFileReference section */
		A12A73DD1F0C880300356946 /* CIIA.app */ = {isa = PBXFileReference; explicitFileType = wrapper.application; includeInIndex = 0; path = CIIA.app; sourceTree = BUILT_PRODUCTS_DIR; };
		A12A73E01F0C880300356946 /* AppDelegate.swift */ = {isa = PBXFileReference; lastKnownFileType = sourcecode.swift; path = AppDelegate.swift; sourceTree = "<group>"; };
		A12A73E21F0C880300356946 /* ViewController.swift */ = {isa = PBXFileReference; lastKnownFileType = sourcecode.swift; path = ViewController.swift; sourceTree = "<group>"; };
		A12A73E51F0C880300356946 /* Base */ = {isa = PBXFileReference; lastKnownFileType = file.storyboard; name = Base; path = Base.lproj/Main.storyboard; sourceTree = "<group>"; };
		A12A73E71F0C880300356946 /* Assets.xcassets */ = {isa = PBXFileReference; lastKnownFileType = folder.assetcatalog; path = Assets.xcassets; sourceTree = "<group>"; };
		A12A73EA1F0C880300356946 /* Base */ = {isa = PBXFileReference; lastKnownFileType = file.storyboard; name = Base; path = Base.lproj/LaunchScreen.storyboard; sourceTree = "<group>"; };
		A12A73EC1F0C880300356946 /* Info.plist */ = {isa = PBXFileReference; lastKnownFileType = text.plist.xml; path = Info.plist; sourceTree = "<group>"; };
		A12A73F11F0C880300356946 /* CIIATests.xctest */ = {isa = PBXFileReference; explicitFileType = wrapper.cfbundle; includeInIndex = 0; path = CIIATests.xctest; sourceTree = BUILT_PRODUCTS_DIR; };
		A12A73F51F0C880300356946 /* CIIATests.swift */ = {isa = PBXFileReference; lastKnownFileType = sourcecode.swift; path = CIIATests.swift; sourceTree = "<group>"; };
		A12A73F71F0C880300356946 /* Info.plist */ = {isa = PBXFileReference; lastKnownFileType = text.plist.xml; path = Info.plist; sourceTree = "<group>"; };
		A12A73FC1F0C880300356946 /* CIIAUITests.xctest */ = {isa = PBXFileReference; explicitFileType = wrapper.cfbundle; includeInIndex = 0; path = CIIAUITests.xctest; sourceTree = BUILT_PRODUCTS_DIR; };
		A12A74001F0C880300356946 /* CIIAUITests.swift */ = {isa = PBXFileReference; lastKnownFileType = sourcecode.swift; path = CIIAUITests.swift; sourceTree = "<group>"; };
		A12A74021F0C880300356946 /* Info.plist */ = {isa = PBXFileReference; lastKnownFileType = text.plist.xml; path = Info.plist; sourceTree = "<group>"; };
		A12A740E1F0C894D00356946 /* FixedIncomeModel.swift */ = {isa = PBXFileReference; fileEncoding = 4; lastKnownFileType = sourcecode.swift; path = FixedIncomeModel.swift; sourceTree = "<group>"; };
/* End PBXFileReference section */

/* Begin PBXFrameworksBuildPhase section */
		A12A73DA1F0C880300356946 /* Frameworks */ = {
			isa = PBXFrameworksBuildPhase;
			buildActionMask = 2147483647;
			files = (
			);
			runOnlyForDeploymentPostprocessing = 0;
		};
		A12A73EE1F0C880300356946 /* Frameworks */ = {
			isa = PBXFrameworksBuildPhase;
			buildActionMask = 2147483647;
			files = (
			);
			runOnlyForDeploymentPostprocessing = 0;
		};
		A12A73F91F0C880300356946 /* Frameworks */ = {
			isa = PBXFrameworksBuildPhase;
			buildActionMask = 2147483647;
			files = (
			);
			runOnlyForDeploymentPostprocessing = 0;
		};
/* End PBXFrameworksBuildPhase section */

/* Begin PBXGroup section */
		A12A73D41F0C880300356946 = {
			isa = PBXGroup;
			children = (
				A12A73DF1F0C880300356946 /* CIIA */,
				A12A73F41F0C880300356946 /* CIIATests */,
				A12A73FF1F0C880300356946 /* CIIAUITests */,
				A12A73DE1F0C880300356946 /* Products */,
			);
			sourceTree = "<group>";
		};
		A12A73DE1F0C880300356946 /* Products */ = {
			isa = PBXGroup;
			children = (
				A12A73DD1F0C880300356946 /* CIIA.app */,
				A12A73F11F0C880300356946 /* CIIATests.xctest */,
				A12A73FC1F0C880300356946 /* CIIAUITests.xctest */,
			);
			name = Products;
			sourceTree = "<group>";
		};
		A12A73DF1F0C880300356946 /* CIIA */ = {
			isa = PBXGroup;
			children = (
				A12A73E01F0C880300356946 /* AppDelegate.swift */,
				A12A73E21F0C880300356946 /* ViewController.swift */,
				A12A740E1F0C894D00356946 /* FixedIncomeModel.swift */,
				A12A73E41F0C880300356946 /* Main.storyboard */,
				A12A73E71F0C880300356946 /* Assets.xcassets */,
				A12A73E91F0C880300356946 /* LaunchScreen.storyboard */,
				A12A73EC1F0C880300356946 /* Info.plist */,
			);
			path = CIIA;
			sourceTree = "<group>";
		};
		A12A73F41F0C880300356946 /* CIIATests */ = {
			isa = PBXGroup;
			children = (
				A12A73F51F0C880300356946 /* CIIATests.swift */,
				A12A73F71F0C880300356946 /* Info.plist */,
			);
			path = CIIATests;
			sourceTree = "<group>";
		};
		A12A73FF1F0C880300356946 /* CIIAUITests */ = {
			isa = PBXGroup;
			children = (
				A12A74001F0C880300356946 /* CIIAUITests.swift */,
				A12A74021F0C880300356946 /* Info.plist */,
			);
			path = CIIAUITests;
			sourceTree = "<group>";
		};
/* End PBXGroup section */

/* Begin PBXNativeTarget section */
		A12A73DC1F0C880300356946 /* CIIA */ = {
			isa = PBXNativeTarget;
			buildConfigurationList = A12A74051F0C880300356946 /* Build configuration list for PBXNativeTarget "CIIA" */;
			buildPhases = (
				A12A73D91F0C880300356946 /* Sources */,
				A12A73DA1F0C880300356946 /* Frameworks */,
				A12A73DB1F0C880300356946 /* Resources */,
			);
			buildRules = (
			);
			dependencies = (
			);
			name = CIIA;
			productName = CIIA;
			productReference = A12A73DD1F0C880300356946 /* CIIA.app */;
			productType = "com.apple.product-type.application";
		};
		A12A73F01F0C880300356946 /* CIIATests */ = {
			isa = PBXNativeTarget;
			buildConfigurationList = A12A74081F0C880300356946 /* Build configuration list for PBXNativeTarget "CIIATests" */;
			buildPhases = (
				A12A73ED1F0C880300356946 /* Sources */,
				A12A73EE1F0C880300356946 /* Frameworks */,
				A12A73EF1F0C880300356946 /* Resources */,
			);
			buildRules = (
			);
			dependencies = (
				A12A73F31F0C880300356946 /* PBXTargetDependency */,
			);
			name = CIIATests;
			productName = CIIATests;
			productReference = A12A73F11F0C880300356946 /* CIIATests.xctest */;
			productType = "com.apple.product-type.bundle.unit-test";
		};
		A12A73FB1F0C880300356946 /* CIIAUITests */ = {
			isa = PBXNativeTarget;
			buildConfigurationList = A12A740B1F0C880300356946 /* Build configuration list for PBXNativeTarget "CIIAUITests" */;
			buildPhases = (
				A12A73F81F0C880300356946 /* Sources */,
				A12A73F91F0C880300356946 /* Frameworks */,
				A12A73FA1F0C880300356946 /* Resources */,
			);
			buildRules = (
			);
			dependencies = (
				A12A73FE1F0C880300356946 /* PBXTargetDependency */,
			);
			name = CIIAUITests;
			productName = CIIAUITests;
			productReference = A12A73FC1F0C880300356946 /* CIIAUITests.xctest */;
			productType = "com.apple.product-type.bundle.ui-testing";
		};
/* End PBXNativeTarget section */

/* Begin PBXProject section */
		A12A73D51F0C880300356946 /* Project object */ = {
			isa = PBXProject;
			attributes = {
				LastSwiftUpdateCheck = 0830;
				LastUpgradeCheck = 0830;
				ORGANIZATIONNAME = dujia;
				TargetAttributes = {
					A12A73DC1F0C880300356946 = {
						CreatedOnToolsVersion = 8.3.3;
						ProvisioningStyle = Automatic;
					};
					A12A73F01F0C880300356946 = {
						CreatedOnToolsVersion = 8.3.3;
						ProvisioningStyle = Automatic;
						TestTargetID = A12A73DC1F0C880300356946;
					};
					A12A73FB1F0C880300356946 = {
						CreatedOnToolsVersion = 8.3.3;
						ProvisioningStyle = Automatic;
						TestTargetID = A12A73DC1F0C880300356946;
					};
				};
			};
			buildConfigurationList = A12A73D81F0C880300356946 /* Build configuration list for PBXProject "CIIA" */;
			compatibilityVersion = "Xcode 3.2";
			developmentRegion = English;
			hasScannedForEncodings = 0;
			knownRegions = (
				en,
				Base,
			);
			mainGroup = A12A73D41F0C880300356946;
			productRefGroup = A12A73DE1F0C880300356946 /* Products */;
			projectDirPath = "";
			projectRoot = "";
			targets = (
				A12A73DC1F0C880300356946 /* CIIA */,
				A12A73F01F0C880300356946 /* CIIATests */,
				A12A73FB1F0C880300356946 /* CIIAUITests */,
			);
		};
/* End PBXProject section */

/* Begin PBXResourcesBuildPhase section */
		A12A73DB1F0C880300356946 /* Resources */ = {
			isa = PBXResourcesBuildPhase;
			buildActionMask = 2147483647;
			files = (
				A12A73EB1F0C880300356946 /* LaunchScreen.storyboard in Resources */,
				A12A73E81F0C880300356946 /* Assets.xcassets in Resources */,
				A12A73E61F0C880300356946 /* Main.storyboard in Resources */,
			);
			runOnlyForDeploymentPostprocessing = 0;
		};
		A12A73EF1F0C880300356946 /* Resources */ = {
			isa = PBXResourcesBuildPhase;
			buildActionMask = 2147483647;
			files = (
			);
			runOnlyForDeploymentPostprocessing = 0;
		};
		A12A73FA1F0C880300356946 /* Resources */ = {
			isa = PBXResourcesBuildPhase;
			buildActionMask = 2147483647;
			files = (
			);
			runOnlyForDeploymentPostprocessing = 0;
		};
/* End PBXResourcesBuildPhase section */

/* Begin PBXSourcesBuildPhase section */
		A12A73D91F0C880300356946 /* Sources */ = {
			isa = PBXSourcesBuildPhase;
			buildActionMask = 2147483647;
			files = (
				A12A740F1F0C894D00356946 /* FixedIncomeModel.swift in Sources */,
				A12A73E31F0C880300356946 /* ViewController.swift in Sources */,
				A12A73E11F0C880300356946 /* AppDelegate.swift in Sources */,
			);
			runOnlyForDeploymentPostprocessing = 0;
		};
		A12A73ED1F0C880300356946 /* Sources */ = {
			isa = PBXSourcesBuildPhase;
			buildActionMask = 2147483647;
			files = (
				A12A73F61F0C880300356946 /* CIIATests.swift in Sources */,
			);
			runOnlyForDeploymentPostprocessing = 0;
		};
		A12A73F81F0C880300356946 /* Sources */ = {
			isa = PBXSourcesBuildPhase;
			buildActionMask = 2147483647;
			files = (
				A12A74011F0C880300356946 /* CIIAUITests.swift in Sources */,
			);
			runOnlyForDeploymentPostprocessing = 0;
		};
/* End PBXSourcesBuildPhase section */

/* Begin PBXTargetDependency section */
		A12A73F31F0C880300356946 /* PBXTargetDependency */ = {
			isa = PBXTargetDependency;
			target = A12A73DC1F0C880300356946 /* CIIA */;
			targetProxy = A12A73F21F0C880300356946 /* PBXContainerItemProxy */;
		};
		A12A73FE1F0C880300356946 /* PBXTargetDependency */ = {
			isa = PBXTargetDependency;
			target = A12A73DC1F0C880300356946 /* CIIA */;
			targetProxy = A12A73FD1F0C880300356946 /* PBXContainerItemProxy */;
		};
/* End PBXTargetDependency section */

/* Begin PBXVariantGroup section */
		A12A73E41F0C880300356946 /* Main.storyboard */ = {
			isa = PBXVariantGroup;
			children = (
				A12A73E51F0C880300356946 /* Base */,
			);
			name = Main.storyboard;
			sourceTree = "<group>";
		};
		A12A73E91F0C880300356946 /* LaunchScreen.storyboard */ = {
			isa = PBXVariantGroup;
			children = (
				A12A73EA1F0C880300356946 /* Base */,
			);
			name = LaunchScreen.storyboard;
			sourceTree = "<group>";
		};
/* End PBXVariantGroup section */

/* Begin XCBuildConfiguration section */
		A12A74031F0C880300356946 /* Debug */ = {
			isa = XCBuildConfiguration;
			buildSettings = {
				ALWAYS_SEARCH_USER_PATHS = NO;
				CLANG_ANALYZER_NONNULL = YES;
				CLANG_ANALYZER_NUMBER_OBJECT_CONVERSION = YES_AGGRESSIVE;
				CLANG_CXX_LANGUAGE_STANDARD = "gnu++0x";
				CLANG_CXX_LIBRARY = "libc++";
				CLANG_ENABLE_MODULES = YES;
				CLANG_ENABLE_OBJC_ARC = YES;
				CLANG_WARN_BOOL_CONVERSION = YES;
				CLANG_WARN_CONSTANT_CONVERSION = YES;
				CLANG_WARN_DIRECT_OBJC_ISA_USAGE = YES_ERROR;
				CLANG_WARN_DOCUMENTATION_COMMENTS = YES;
				CLANG_WARN_EMPTY_BODY = YES;
				CLANG_WARN_ENUM_CONVERSION = YES;
				CLANG_WARN_INFINITE_RECURSION = YES;
				CLANG_WARN_INT_CONVERSION = YES;
				CLANG_WARN_OBJC_ROOT_CLASS = YES_ERROR;
				CLANG_WARN_SUSPICIOUS_MOVE = YES;
				CLANG_WARN_UNREACHABLE_CODE = YES;
				CLANG_WARN__DUPLICATE_METHOD_MATCH = YES;
				"CODE_SIGN_IDENTITY[sdk=iphoneos*]" = "iPhone Developer";
				COPY_PHASE_STRIP = NO;
				DEBUG_INFORMATION_FORMAT = dwarf;
				ENABLE_STRICT_OBJC_MSGSEND = YES;
				ENABLE_TESTABILITY = YES;
				GCC_C_LANGUAGE_STANDARD = gnu99;
				GCC_DYNAMIC_NO_PIC = NO;
				GCC_NO_COMMON_BLOCKS = YES;
				GCC_OPTIMIZATION_LEVEL = 0;
				GCC_PREPROCESSOR_DEFINITIONS = (
					"DEBUG=1",
					"$(inherited)",
				);
				GCC_WARN_64_TO_32_BIT_CONVERSION = YES;
				GCC_WARN_ABOUT_RETURN_TYPE = YES_ERROR;
				GCC_WARN_UNDECLARED_SELECTOR = YES;
				GCC_WARN_UNINITIALIZED_AUTOS = YES_AGGRESSIVE;
				GCC_WARN_UNUSED_FUNCTION = YES;
				GCC_WARN_UNUSED_VARIABLE = YES;
				IPHONEOS_DEPLOYMENT_TARGET = 10.3;
				MTL_ENABLE_DEBUG_INFO = YES;
				ONLY_ACTIVE_ARCH = YES;
				SDKROOT = iphoneos;
				SWIFT_ACTIVE_COMPILATION_CONDITIONS = DEBUG;
				SWIFT_OPTIMIZATION_LEVEL = "-Onone";
				TARGETED_DEVICE_FAMILY = "1,2";
			};
			name = Debug;
		};
		A12A74041F0C880300356946 /* Release */ = {
			isa = XCBuildConfiguration;
			buildSettings = {
				ALWAYS_SEARCH_USER_PATHS = NO;
				CLANG_ANALYZER_NONNULL = YES;
				CLANG_ANALYZER_NUMBER_OBJECT_CONVERSION = YES_AGGRESSIVE;
				CLANG_CXX_LANGUAGE_STANDARD = "gnu++0x";
				CLANG_CXX_LIBRARY = "libc++";
				CLANG_ENABLE_MODULES = YES;
				CLANG_ENABLE_OBJC_ARC = YES;
				CLANG_WARN_BOOL_CONVERSION = YES;
				CLANG_WARN_CONSTANT_CONVERSION = YES;
				CLANG_WARN_DIRECT_OBJC_ISA_USAGE = YES_ERROR;
				CLANG_WARN_DOCUMENTATION_COMMENTS = YES;
				CLANG_WARN_EMPTY_BODY = YES;
				CLANG_WARN_ENUM_CONVERSION = YES;
				CLANG_WARN_INFINITE_RECURSION = YES;
				CLANG_WARN_INT_CONVERSION = YES;
				CLANG_WARN_OBJC_ROOT_CLASS = YES_ERROR;
				CLANG_WARN_SUSPICIOUS_MOVE = YES;
				CLANG_WARN_UNREACHABLE_CODE = YES;
				CLANG_WARN__DUPLICATE_METHOD_MATCH = YES;
				"CODE_SIGN_IDENTITY[sdk=iphoneos*]" = "iPhone Developer";
				COPY_PHASE_STRIP = NO;
				DEBUG_INFORMATION_FORMAT = "dwarf-with-dsym";
				ENABLE_NS_ASSERTIONS = NO;
				ENABLE_STRICT_OBJC_MSGSEND = YES;
				GCC_C_LANGUAGE_STANDARD = gnu99;
				GCC_NO_COMMON_BLOCKS = YES;
				GCC_WARN_64_TO_32_BIT_CONVERSION = YES;
				GCC_WARN_ABOUT_RETURN_TYPE = YES_ERROR;
				GCC_WARN_UNDECLARED_SELECTOR = YES;
				GCC_WARN_UNINITIALIZED_AUTOS = YES_AGGRESSIVE;
				GCC_WARN_UNUSED_FUNCTION = YES;
				GCC_WARN_UNUSED_VARIABLE = YES;
				IPHONEOS_DEPLOYMENT_TARGET = 10.3;
				MTL_ENABLE_DEBUG_INFO = NO;
				SDKROOT = iphoneos;
				SWIFT_OPTIMIZATION_LEVEL = "-Owholemodule";
				TARGETED_DEVICE_FAMILY = "1,2";
				VALIDATE_PRODUCT = YES;
			};
			name = Release;
		};
		A12A74061F0C880300356946 /* Debug */ = {
			isa = XCBuildConfiguration;
			buildSettings = {
				ASSETCATALOG_COMPILER_APPICON_NAME = AppIcon;
				INFOPLIST_FILE = CIIA/Info.plist;
				LD_RUNPATH_SEARCH_PATHS = "$(inherited) @executable_path/Frameworks";
				PRODUCT_BUNDLE_IDENTIFIER = com.dujia.CIIA;
				PRODUCT_NAME = "$(TARGET_NAME)";
				SWIFT_VERSION = 3.0;
			};
			name = Debug;
		};
		A12A74071F0C880300356946 /* Release */ = {
			isa = XCBuildConfiguration;
			buildSettings = {
				ASSETCATALOG_COMPILER_APPICON_NAME = AppIcon;
				INFOPLIST_FILE = CIIA/Info.plist;
				LD_RUNPATH_SEARCH_PATHS = "$(inherited) @executable_path/Frameworks";
				PRODUCT_BUNDLE_IDENTIFIER = com.dujia.CIIA;
				PRODUCT_NAME = "$(TARGET_NAME)";
				SWIFT_VERSION = 3.0;
			};
			name = Release;
		};
		A12A74091F0C880300356946 /* Debug */ = {
			isa = XCBuildConfiguration;
			buildSettings = {
				ALWAYS_EMBED_SWIFT_STANDARD_LIBRARIES = YES;
				BUNDLE_LOADER = "$(TEST_HOST)";
				INFOPLIST_FILE = CIIATests/Info.plist;
				LD_RUNPATH_SEARCH_PATHS = "$(inherited) @executable_path/Frameworks @loader_path/Frameworks";
				PRODUCT_BUNDLE_IDENTIFIER = com.dujia.CIIATests;
				PRODUCT_NAME = "$(TARGET_NAME)";
				SWIFT_VERSION = 3.0;
				TEST_HOST = "$(BUILT_PRODUCTS_DIR)/CIIA.app/CIIA";
			};
			name = Debug;
		};
		A12A740A1F0C880300356946 /* Release */ = {
			isa = XCBuildConfiguration;
			buildSettings = {
				ALWAYS_EMBED_SWIFT_STANDARD_LIBRARIES = YES;
				BUNDLE_LOADER = "$(TEST_HOST)";
				INFOPLIST_FILE = CIIATests/Info.plist;
				LD_RUNPATH_SEARCH_PATHS = "$(inherited) @executable_path/Frameworks @loader_path/Frameworks";
				PRODUCT_BUNDLE_IDENTIFIER = com.dujia.CIIATests;
				PRODUCT_NAME = "$(TARGET_NAME)";
				SWIFT_VERSION = 3.0;
				TEST_HOST = "$(BUILT_PRODUCTS_DIR)/CIIA.app/CIIA";
			};
			name = Release;
		};
		A12A740C1F0C880300356946 /* Debug */ = {
			isa = XCBuildConfiguration;
			buildSettings = {
				ALWAYS_EMBED_SWIFT_STANDARD_LIBRARIES = YES;
				INFOPLIST_FILE = CIIAUITests/Info.plist;
				LD_RUNPATH_SEARCH_PATHS = "$(inherited) @executable_path/Frameworks @loader_path/Frameworks";
				PRODUCT_BUNDLE_IDENTIFIER = com.dujia.CIIAUITests;
				PRODUCT_NAME = "$(TARGET_NAME)";
				SWIFT_VERSION = 3.0;
				TEST_TARGET_NAME = CIIA;
			};
			name = Debug;
		};
		A12A740D1F0C880300356946 /* Release */ = {
			isa = XCBuildConfiguration;
			buildSettings = {
				ALWAYS_EMBED_SWIFT_STANDARD_LIBRARIES = YES;
				INFOPLIST_FILE = CIIAUITests/Info.plist;
				LD_RUNPATH_SEARCH_PATHS = "$(inherited) @executable_path/Frameworks @loader_path/Frameworks";
				PRODUCT_BUNDLE_IDENTIFIER = com.dujia.CIIAUITests;
				PRODUCT_NAME = "$(TARGET_NAME)";
				SWIFT_VERSION = 3.0;
				TEST_TARGET_NAME = CIIA;
			};
			name = Release;
		};
/* End XCBuildConfiguration section */

/* Begin XCConfigurationList section */
		A12A73D81F0C880300356946 /* Build configuration list for PBXProject "CIIA" */ = {
			isa = XCConfigurationList;
			buildConfigurations = (
				A12A74031F0C880300356946 /* Debug */,
				A12A74041F0C880300356946 /* Release */,
			);
			defaultConfigurationIsVisible = 0;
			defaultConfigurationName = Release;
		};
		A12A74051F0C880300356946 /* Build configuration list for PBXNativeTarget "CIIA" */ = {
			isa = XCConfigurationList;
			buildConfigurations = (
				A12A74061F0C880300356946 /* Debug */,
				A12A74071F0C880300356946 /* Release */,
			);
			defaultConfigurationIsVisible = 0;
			defaultConfigurationName = Release;
		};
		A12A74081F0C880300356946 /* Build configuration list for PBXNativeTarget "CIIATests" */ = {
			isa = XCConfigurationList;
			buildConfigurations = (
				A12A74091F0C880300356946 /* Debug */,
				A12A740A1F0C880300356946 /* Release */,
			);
			defaultConfigurationIsVisible = 0;
			defaultConfigurationName = Release;
		};
		A12A740B1F0C880300356946 /* Build configuration list for PBXNativeTarget "CIIAUITests" */ = {
			isa = XCConfigurationList;
			buildConfigurations = (
				A12A740C1F0C880300356946 /* Debug */,
				A12A740D1F0C880300356946 /* Release */,
			);
			defaultConfigurationIsVisible = 0;
			defaultConfigurationName = Release;
		};
/* End XCConfigurationList section */
	};
	rootObject = A12A73D51F0C880300356946 /* Project object */;
}
